
Microsoft Visual Studio Solution File, Format Version 12.00
# Visual Studio Version 16
VisualStudioVersion = 16.0.30001.183
MinimumVisualStudioVersion = 10.0.40219.1
Project("{9A19103F-16F7-4668-BE54-9A1E7A4F7556}") = "1. Count Real Numbers", "1. Count Real Numbers\1. Count Real Numbers.csproj", "{424C3A91-EA65-4703-A3CB-5425A2E3FA77}"
EndProject
Project("{9A19103F-16F7-4668-BE54-9A1E7A4F7556}") = "2. Odd Occurrences", "2. Odd Occurrences\2. Odd Occurrences.csproj", "{BBFFB728-9E0D-4154-A5BB-8B615221AE52}"
EndProject
Project("{FAE04EC0-301F-11D3-BF4B-00C04F79EFBC}") = "3. Word Synonyms", "3. Word Synonyms\3. Word Synonyms.csproj", "{41FE4B79-F636-43DE-A112-0389991D4106}"
EndProject
Project("{FAE04EC0-301F-11D3-BF4B-00C04F79EFBC}") = "4. Largest 3 Numbers", "4. Largest 3 Numbers\4. Largest 3 Numbers.csproj", "{B8FF83E7-9AE6-4832-8A80-1EB1E966A39F}"
EndProject
Project("{FAE04EC0-301F-11D3-BF4B-00C04F79EFBC}") = "5. Word Filter", "5. Word Filter\5. Word Filter.csproj", "{8B2509DC-4279-4CE4-BF28-DBC47CDB862D}"
EndProject
Global
	GlobalSection(SolutionConfigurationPlatforms) = preSolution
		Debug|Any CPU = Debug|Any CPU
		Release|Any CPU = Release|Any CPU
	EndGlobalSection
	GlobalSection(ProjectConfigurationPlatforms) = postSolution
		{424C3A91-EA65-4703-A3CB-5425A2E3FA77}.Debug|Any CPU.ActiveCfg = Debug|Any CPU
		{424C3A91-EA65-4703-A3CB-5425A2E3FA77}.Debug|Any CPU.Build.0 = Debug|Any CPU
		{424C3A91-EA65-4703-A3CB-5425A2E3FA77}.Release|Any CPU.ActiveCfg = Release|Any CPU
		{424C3A91-EA65-4703-A3CB-5425A2E3FA77}.Release|Any CPU.Build.0 = Release|Any CPU
		{BBFFB728-9E0D-4154-A5BB-8B615221AE52}.Debug|Any CPU.ActiveCfg = Debug|Any CPU
		{BBFFB728-9E0D-4154-A5BB-8B615221AE52}.Debug|Any CPU.Build.0 = Debug|Any CPU
		{BBFFB728-9E0D-4154-A5BB-8B615221AE52}.Release|Any CPU.ActiveCfg = Release|Any CPU
		{BBFFB728-9E0D-4154-A5BB-8B615221AE52}.Release|Any CPU.Build.0 = Release|Any CPU
		{41FE4B79-F636-43DE-A112-0389991D4106}.Debug|Any CPU.ActiveCfg = Debug|Any CPU
		{41FE4B79-F636-43DE-A112-0389991D4106}.Debug|Any CPU.Build.0 = Debug|Any CPU
		{41FE4B79-F636-43DE-A112-0389991D4106}.Release|Any CPU.ActiveCfg = Release|Any CPU
		{41FE4B79-F636-43DE-A112-0389991D4106}.Release|Any CPU.Build.0 = Release|Any CPU
		{B8FF83E7-9AE6-4832-8A80-1EB1E966A39F}.Debug|Any CPU.ActiveCfg = Debug|Any CPU
		{B8FF83E7-9AE6-4832-8A80-1EB1E966A39F}.Debug|Any CPU.Build.0 = Debug|Any CPU
		{B8FF83E7-9AE6-4832-8A80-1EB1E966A39F}.Release|Any CPU.ActiveCfg = Release|Any CPU
		{B8FF83E7-9AE6-4832-8A80-1EB1E966A39F}.Release|Any CPU.Build.0 = Release|Any CPU
		{8B2509DC-4279-4CE4-BF28-DBC47CDB862D}.Debug|Any CPU.ActiveCfg = Debug|Any CPU
		{8B2509DC-4279-4CE4-BF28-DBC47CDB862D}.Debug|Any CPU.Build.0 = Debug|Any CPU
		{8B2509DC-4279-4CE4-BF28-DBC47CDB862D}.Release|Any CPU.ActiveCfg = Release|Any CPU
		{8B2509DC-4279-4CE4-BF28-DBC47CDB862D}.Release|Any CPU.Build.0 = Release|Any CPU
	EndGlobalSection
	GlobalSection(SolutionProperties) = preSolution
		HideSolutionNode = FALSE
	EndGlobalSection
	GlobalSection(ExtensibilityGlobals) = postSolution
		SolutionGuid = {739D58D2-5A1A-47A7-B154-3875CD49DBD4}
	EndGlobalSection
EndGlobal
